// !$*UTF8*$!
{
	archiveVersion = 1;
	classes = {
	};
	objectVersion = 55;
	objects = {

/* Begin PBXBuildFile section */
		8764AB18D1CDB233EF4742EA /* Pods_XYZRxExtension.framework in Frameworks */ = {isa = PBXBuildFile; fileRef = 47F595CBA536B065CF7A50BB /* Pods_XYZRxExtension.framework */; };
		D6C07D97280FDF860033FBD0 /* AppDelegate.swift in Sources */ = {isa = PBXBuildFile; fileRef = D6C07D96280FDF860033FBD0 /* AppDelegate.swift */; };
		D6C07D99280FDF860033FBD0 /* SceneDelegate.swift in Sources */ = {isa = PBXBuildFile; fileRef = D6C07D98280FDF860033FBD0 /* SceneDelegate.swift */; };
		D6C07D9B280FDF860033FBD0 /* ViewController.swift in Sources */ = {isa = PBXBuildFile; fileRef = D6C07D9A280FDF860033FBD0 /* ViewController.swift */; };
		D6C07D9E280FDF860033FBD0 /* Main.storyboard in Resources */ = {isa = PBXBuildFile; fileRef = D6C07D9C280FDF860033FBD0 /* Main.storyboard */; };
		D6C07DA0280FDF880033FBD0 /* Assets.xcassets in Resources */ = {isa = PBXBuildFile; fileRef = D6C07D9F280FDF880033FBD0 /* Assets.xcassets */; };
		D6C07DA3280FDF880033FBD0 /* LaunchScreen.storyboard in Resources */ = {isa = PBXBuildFile; fileRef = D6C07DA1280FDF880033FBD0 /* LaunchScreen.storyboard */; };
		D6C07DAC280FDFAD0033FBD0 /* XYZPhoto_rx.swift in Sources */ = {isa = PBXBuildFile; fileRef = D6C07DAB280FDFAD0033FBD0 /* XYZPhoto_rx.swift */; };
/* End PBXBuildFile section */

/* Begin PBXFileReference section */
		47F595CBA536B065CF7A50BB /* Pods_XYZRxExtension.framework */ = {isa = PBXFileReference; explicitFileType = wrapper.framework; includeInIndex = 0; path = Pods_XYZRxExtension.framework; sourceTree = BUILT_PRODUCTS_DIR; };
		A17AEA8C4E33F6D48D1AD0E8 /* Pods-XYZRxExtension.debug.xcconfig */ = {isa = PBXFileReference; includeInIndex = 1; lastKnownFileType = text.xcconfig; name = "Pods-XYZRxExtension.debug.xcconfig"; path = "Target Support Files/Pods-XYZRxExtension/Pods-XYZRxExtension.debug.xcconfig"; sourceTree = "<group>"; };
		C2F8CB78958E84D7D615CF1E /* Pods-XYZRxExtension.release.xcconfig */ = {isa = PBXFileReference; includeInIndex = 1; lastKnownFileType = text.xcconfig; name = "Pods-XYZRxExtension.release.xcconfig"; path = "Target Support Files/Pods-XYZRxExtension/Pods-XYZRxExtension.release.xcconfig"; sourceTree = "<group>"; };
		D6C07D93280FDF860033FBD0 /* XYZRxExtension.app */ = {isa = PBXFileReference; explicitFileType = wrapper.application; includeInIndex = 0; path = XYZRxExtension.app; sourceTree = BUILT_PRODUCTS_DIR; };
		D6C07D96280FDF860033FBD0 /* AppDelegate.swift */ = {isa = PBXFileReference; lastKnownFileType = sourcecode.swift; path = AppDelegate.swift; sourceTree = "<group>"; };
		D6C07D98280FDF860033FBD0 /* SceneDelegate.swift */ = {isa = PBXFileReference; lastKnownFileType = sourcecode.swift; path = SceneDelegate.swift; sourceTree = "<group>"; };
		D6C07D9A280FDF860033FBD0 /* ViewController.swift */ = {isa = PBXFileReference; lastKnownFileType = sourcecode.swift; path = ViewController.swift; sourceTree = "<group>"; };
		D6C07D9D280FDF860033FBD0 /* Base */ = {isa = PBXFileReference; lastKnownFileType = file.storyboard; name = Base; path = Base.lproj/Main.storyboard; sourceTree = "<group>"; };
		D6C07D9F280FDF880033FBD0 /* Assets.xcassets */ = {isa = PBXFileReference; lastKnownFileType = folder.assetcatalog; path = Assets.xcassets; sourceTree = "<group>"; };
		D6C07DA2280FDF880033FBD0 /* Base */ = {isa = PBXFileReference; lastKnownFileType = file.storyboard; name = Base; path = Base.lproj/LaunchScreen.storyboard; sourceTree = "<group>"; };
		D6C07DA4280FDF880033FBD0 /* Info.plist */ = {isa = PBXFileReference; lastKnownFileType = text.plist.xml; path = Info.plist; sourceTree = "<group>"; };
		D6C07DAB280FDFAD0033FBD0 /* XYZPhoto_rx.swift */ = {isa = PBXFileReference; lastKnownFileType = sourcecode.swift; path = XYZPhoto_rx.swift; sourceTree = "<group>"; };
/* End PBXFileReference section */

/* Begin PBXFrameworksBuildPhase section */
		D6C07D90280FDF860033FBD0 /* Frameworks */ = {
			isa = PBXFrameworksBuildPhase;
			buildActionMask = 2147483647;
			files = (
				8764AB18D1CDB233EF4742EA /* Pods_XYZRxExtension.framework in Frameworks */,
			);
			runOnlyForDeploymentPostprocessing = 0;
		};
/* End PBXFrameworksBuildPhase section */

/* Begin PBXGroup section */
		7D0CEBAB0CCB621A242C1883 /* Pods */ = {
			isa = PBXGroup;
			children = (
				A17AEA8C4E33F6D48D1AD0E8 /* Pods-XYZRxExtension.debug.xcconfig */,
				C2F8CB78958E84D7D615CF1E /* Pods-XYZRxExtension.release.xcconfig */,
			);
			name = Pods;
			path = Pods;
			sourceTree = "<group>";
		};
		A90BED6940E00D2DF2A69F07 /* Frameworks */ = {
			isa = PBXGroup;
			children = (
				47F595CBA536B065CF7A50BB /* Pods_XYZRxExtension.framework */,
			);
			name = Frameworks;
			sourceTree = "<group>";
		};
		D6C07D8A280FDF860033FBD0 = {
			isa = PBXGroup;
			children = (
				D6C07D95280FDF860033FBD0 /* XYZRxExtension */,
				D6C07D94280FDF860033FBD0 /* Products */,
				7D0CEBAB0CCB621A242C1883 /* Pods */,
				A90BED6940E00D2DF2A69F07 /* Frameworks */,
			);
			sourceTree = "<group>";
		};
		D6C07D94280FDF860033FBD0 /* Products */ = {
			isa = PBXGroup;
			children = (
				D6C07D93280FDF860033FBD0 /* XYZRxExtension.app */,
			);
			name = Products;
			sourceTree = "<group>";
		};
		D6C07D95280FDF860033FBD0 /* XYZRxExtension */ = {
			isa = PBXGroup;
			children = (
				D6C07D96280FDF860033FBD0 /* AppDelegate.swift */,
				D6C07D98280FDF860033FBD0 /* SceneDelegate.swift */,
				D6C07D9A280FDF860033FBD0 /* ViewController.swift */,
				D6C07DAA280FDF8E0033FBD0 /* Source */,
				D6C07D9C280FDF860033FBD0 /* Main.storyboard */,
				D6C07D9F280FDF880033FBD0 /* Assets.xcassets */,
				D6C07DA1280FDF880033FBD0 /* LaunchScreen.storyboard */,
				D6C07DA4280FDF880033FBD0 /* Info.plist */,
			);
			path = XYZRxExtension;
			sourceTree = "<group>";
		};
		D6C07DAA280FDF8E0033FBD0 /* Source */ = {
			isa = PBXGroup;
			children = (
				D6C07DAB280FDFAD0033FBD0 /* XYZPhoto_rx.swift */,
			);
			path = Source;
			sourceTree = "<group>";
		};
/* End PBXGroup section */

/* Begin PBXNativeTarget section */
		D6C07D92280FDF860033FBD0 /* XYZRxExtension */ = {
			isa = PBXNativeTarget;
			buildConfigurationList = D6C07DA7280FDF880033FBD0 /* Build configuration list for PBXNativeTarget "XYZRxExtension" */;
			buildPhases = (
				38FD2D8FEE119BEDE7310F53 /* [CP] Check Pods Manifest.lock */,
				D6C07D8F280FDF860033FBD0 /* Sources */,
				D6C07D90280FDF860033FBD0 /* Frameworks */,
				D6C07D91280FDF860033FBD0 /* Resources */,
				520B9C8C1D257CAC5A73AE3B /* [CP] Embed Pods Frameworks */,
			);
			buildRules = (
			);
			dependencies = (
			);
			name = XYZRxExtension;
			productName = XYZRxExtension;
			productReference = D6C07D93280FDF860033FBD0 /* XYZRxExtension.app */;
			productType = "com.apple.product-type.application";
		};
/* End PBXNativeTarget section */

/* Begin PBXProject section */
		D6C07D8B280FDF860033FBD0 /* Project object */ = {
			isa = PBXProject;
			attributes = {
				BuildIndependentTargetsInParallel = 1;
				LastSwiftUpdateCheck = 1330;
				LastUpgradeCheck = 1330;
				TargetAttributes = {
					D6C07D92280FDF860033FBD0 = {
						CreatedOnToolsVersion = 13.3.1;
					};
				};
			};
			buildConfigurationList = D6C07D8E280FDF860033FBD0 /* Build configuration list for PBXProject "XYZRxExtension" */;
			compatibilityVersion = "Xcode 13.0";
			developmentRegion = en;
			hasScannedForEncodings = 0;
			knownRegions = (
				en,
				Base,
			);
			mainGroup = D6C07D8A280FDF860033FBD0;
			productRefGroup = D6C07D94280FDF860033FBD0 /* Products */;
			projectDirPath = "";
			projectRoot = "";
			targets = (
				D6C07D92280FDF860033FBD0 /* XYZRxExtension */,
			);
		};
/* End PBXProject section */

/* Begin PBXResourcesBuildPhase section */
		D6C07D91280FDF860033FBD0 /* Resources */ = {
			isa = PBXResourcesBuildPhase;
			buildActionMask = 2147483647;
			files = (
				D6C07DA3280FDF880033FBD0 /* LaunchScreen.storyboard in Resources */,
				D6C07DA0280FDF880033FBD0 /* Assets.xcassets in Resources */,
				D6C07D9E280FDF860033FBD0 /* Main.storyboard in Resources */,
			);
			runOnlyForDeploymentPostprocessing = 0;
		};
/* End PBXResourcesBuildPhase section */

/* Begin PBXShellScriptBuildPhase section */
		38FD2D8FEE119BEDE7310F53 /* [CP] Check Pods Manifest.lock */ = {
			isa = PBXShellScriptBuildPhase;
			buildActionMask = 2147483647;
			files = (
			);
			inputFileListPaths = (
			);
			inputPaths = (
				"${PODS_PODFILE_DIR_PATH}/Podfile.lock",
				"${PODS_ROOT}/Manifest.lock",
			);
			name = "[CP] Check Pods Manifest.lock";
			outputFileListPaths = (
			);
			outputPaths = (
				"$(DERIVED_FILE_DIR)/Pods-XYZRxExtension-checkManifestLockResult.txt",
			);
			runOnlyForDeploymentPostprocessing = 0;
			shellPath = /bin/sh;
			shellScript = "diff \"${PODS_PODFILE_DIR_PATH}/Podfile.lock\" \"${PODS_ROOT}/Manifest.lock\" > /dev/null\nif [ $? != 0 ] ; then\n    # print error to STDERR\n    echo \"error: The sandbox is not in sync with the Podfile.lock. Run 'pod install' or update your CocoaPods installation.\" >&2\n    exit 1\nfi\n# This output is used by Xcode 'outputs' to avoid re-running this script phase.\necho \"SUCCESS\" > \"${SCRIPT_OUTPUT_FILE_0}\"\n";
			showEnvVarsInLog = 0;
		};
		520B9C8C1D257CAC5A73AE3B /* [CP] Embed Pods Frameworks */ = {
			isa = PBXShellScriptBuildPhase;
			buildActionMask = 2147483647;
			files = (
			);
			inputFileListPaths = (
				"${PODS_ROOT}/Target Support Files/Pods-XYZRxExtension/Pods-XYZRxExtension-frameworks-${CONFIGURATION}-input-files.xcfilelist",
			);
			name = "[CP] Embed Pods Frameworks";
			outputFileListPaths = (
				"${PODS_ROOT}/Target Support Files/Pods-XYZRxExtension/Pods-XYZRxExtension-frameworks-${CONFIGURATION}-output-files.xcfilelist",
			);
			runOnlyForDeploymentPostprocessing = 0;
			shellPath = /bin/sh;
			shellScript = "\"${PODS_ROOT}/Target Support Files/Pods-XYZRxExtension/Pods-XYZRxExtension-frameworks.sh\"\n";
			showEnvVarsInLog = 0;
		};
/* End PBXShellScriptBuildPhase section */

/* Begin PBXSourcesBuildPhase section */
		D6C07D8F280FDF860033FBD0 /* Sources */ = {
			isa = PBXSourcesBuildPhase;
			buildActionMask = 2147483647;
			files = (
				D6C07D9B280FDF860033FBD0 /* ViewController.swift in Sources */,
				D6C07D97280FDF860033FBD0 /* AppDelegate.swift in Sources */,
				D6C07DAC280FDFAD0033FBD0 /* XYZPhoto_rx.swift in Sources */,
				D6C07D99280FDF860033FBD0 /* SceneDelegate.swift in Sources */,
			);
			runOnlyForDeploymentPostprocessing = 0;
		};
/* End PBXSourcesBuildPhase section */

/* Begin PBXVariantGroup section */
		D6C07D9C280FDF860033FBD0 /* Main.storyboard */ = {
			isa = PBXVariantGroup;
			children = (
				D6C07D9D280FDF860033FBD0 /* Base */,
			);
			name = Main.storyboard;
			sourceTree = "<group>";
		};
		D6C07DA1280FDF880033FBD0 /* LaunchScreen.storyboard */ = {
			isa = PBXVariantGroup;
			children = (
				D6C07DA2280FDF880033FBD0 /* Base */,
			);
			name = LaunchScreen.storyboard;
			sourceTree = "<group>";
		};
/* End PBXVariantGroup section */

/* Begin XCBuildConfiguration section */
		D6C07DA5280FDF880033FBD0 /* Debug */ = {
			isa = XCBuildConfiguration;
			buildSettings = {
				ALWAYS_SEARCH_USER_PATHS = NO;
				CLANG_ANALYZER_NONNULL = YES;
				CLANG_ANALYZER_NUMBER_OBJECT_CONVERSION = YES_AGGRESSIVE;
				CLANG_CXX_LANGUAGE_STANDARD = "gnu++17";
				CLANG_ENABLE_MODULES = YES;
				CLANG_ENABLE_OBJC_ARC = YES;
				CLANG_ENABLE_OBJC_WEAK = YES;
				CLANG_WARN_BLOCK_CAPTURE_AUTORELEASING = YES;
				CLANG_WARN_BOOL_CONVERSION = YES;
				CLANG_WARN_COMMA = YES;
				CLANG_WARN_CONSTANT_CONVERSION = YES;
				CLANG_WARN_DEPRECATED_OBJC_IMPLEMENTATIONS = YES;
				CLANG_WARN_DIRECT_OBJC_ISA_USAGE = YES_ERROR;
				CLANG_WARN_DOCUMENTATION_COMMENTS = YES;
				CLANG_WARN_EMPTY_BODY = YES;
				CLANG_WARN_ENUM_CONVERSION = YES;
				CLANG_WARN_INFINITE_RECURSION = YES;
				CLANG_WARN_INT_CONVERSION = YES;
				CLANG_WARN_NON_LITERAL_NULL_CONVERSION = YES;
				CLANG_WARN_OBJC_IMPLICIT_RETAIN_SELF = YES;
				CLANG_WARN_OBJC_LITERAL_CONVERSION = YES;
				CLANG_WARN_OBJC_ROOT_CLASS = YES_ERROR;
				CLANG_WARN_QUOTED_INCLUDE_IN_FRAMEWORK_HEADER = YES;
				CLANG_WARN_RANGE_LOOP_ANALYSIS = YES;
				CLANG_WARN_STRICT_PROTOTYPES = YES;
				CLANG_WARN_SUSPICIOUS_MOVE = YES;
				CLANG_WARN_UNGUARDED_AVAILABILITY = YES_AGGRESSIVE;
				CLANG_WARN_UNREACHABLE_CODE = YES;
				CLANG_WARN__DUPLICATE_METHOD_MATCH = YES;
				COPY_PHASE_STRIP = NO;
				DEBUG_INFORMATION_FORMAT = dwarf;
				ENABLE_STRICT_OBJC_MSGSEND = YES;
				ENABLE_TESTABILITY = YES;
				GCC_C_LANGUAGE_STANDARD = gnu11;
				GCC_DYNAMIC_NO_PIC = NO;
				GCC_NO_COMMON_BLOCKS = YES;
				GCC_OPTIMIZATION_LEVEL = 0;
				GCC_PREPROCESSOR_DEFINITIONS = (
					"DEBUG=1",
					"$(inherited)",
				);
				GCC_WARN_64_TO_32_BIT_CONVERSION = YES;
				GCC_WARN_ABOUT_RETURN_TYPE = YES_ERROR;
				GCC_WARN_UNDECLARED_SELECTOR = YES;
				GCC_WARN_UNINITIALIZED_AUTOS = YES_AGGRESSIVE;
				GCC_WARN_UNUSED_FUNCTION = YES;
				GCC_WARN_UNUSED_VARIABLE = YES;
				IPHONEOS_DEPLOYMENT_TARGET = 15.4;
				MTL_ENABLE_DEBUG_INFO = INCLUDE_SOURCE;
				MTL_FAST_MATH = YES;
				ONLY_ACTIVE_ARCH = YES;
				SDKROOT = iphoneos;
				SWIFT_ACTIVE_COMPILATION_CONDITIONS = DEBUG;
				SWIFT_OPTIMIZATION_LEVEL = "-Onone";
			};
			name = Debug;
		};
		D6C07DA6280FDF880033FBD0 /* Release */ = {
			isa = XCBuildConfiguration;
			buildSettings = {
				ALWAYS_SEARCH_USER_PATHS = NO;
				CLANG_ANALYZER_NONNULL = YES;
				CLANG_ANALYZER_NUMBER_OBJECT_CONVERSION = YES_AGGRESSIVE;
				CLANG_CXX_LANGUAGE_STANDARD = "gnu++17";
				CLANG_ENABLE_MODULES = YES;
				CLANG_ENABLE_OBJC_ARC = YES;
				CLANG_ENABLE_OBJC_WEAK = YES;
				CLANG_WARN_BLOCK_CAPTURE_AUTORELEASING = YES;
				CLANG_WARN_BOOL_CONVERSION = YES;
				CLANG_WARN_COMMA = YES;
				CLANG_WARN_CONSTANT_CONVERSION = YES;
				CLANG_WARN_DEPRECATED_OBJC_IMPLEMENTATIONS = YES;
				CLANG_WARN_DIRECT_OBJC_ISA_USAGE = YES_ERROR;
				CLANG_WARN_DOCUMENTATION_COMMENTS = YES;
				CLANG_WARN_EMPTY_BODY = YES;
				CLANG_WARN_ENUM_CONVERSION = YES;
				CLANG_WARN_INFINITE_RECURSION = YES;
				CLANG_WARN_INT_CONVERSION = YES;
				CLANG_WARN_NON_LITERAL_NULL_CONVERSION = YES;
				CLANG_WARN_OBJC_IMPLICIT_RETAIN_SELF = YES;
				CLANG_WARN_OBJC_LITERAL_CONVERSION = YES;
				CLANG_WARN_OBJC_ROOT_CLASS = YES_ERROR;
				CLANG_WARN_QUOTED_INCLUDE_IN_FRAMEWORK_HEADER = YES;
				CLANG_WARN_RANGE_LOOP_ANALYSIS = YES;
				CLANG_WARN_STRICT_PROTOTYPES = YES;
				CLANG_WARN_SUSPICIOUS_MOVE = YES;
				CLANG_WARN_UNGUARDED_AVAILABILITY = YES_AGGRESSIVE;
				CLANG_WARN_UNREACHABLE_CODE = YES;
				CLANG_WARN__DUPLICATE_METHOD_MATCH = YES;
				COPY_PHASE_STRIP = NO;
				DEBUG_INFORMATION_FORMAT = "dwarf-with-dsym";
				ENABLE_NS_ASSERTIONS = NO;
				ENABLE_STRICT_OBJC_MSGSEND = YES;
				GCC_C_LANGUAGE_STANDARD = gnu11;
				GCC_NO_COMMON_BLOCKS = YES;
				GCC_WARN_64_TO_32_BIT_CONVERSION = YES;
				GCC_WARN_ABOUT_RETURN_TYPE = YES_ERROR;
				GCC_WARN_UNDECLARED_SELECTOR = YES;
				GCC_WARN_UNINITIALIZED_AUTOS = YES_AGGRESSIVE;
				GCC_WARN_UNUSED_FUNCTION = YES;
				GCC_WARN_UNUSED_VARIABLE = YES;
				IPHONEOS_DEPLOYMENT_TARGET = 15.4;
				MTL_ENABLE_DEBUG_INFO = NO;
				MTL_FAST_MATH = YES;
				SDKROOT = iphoneos;
				SWIFT_COMPILATION_MODE = wholemodule;
				SWIFT_OPTIMIZATION_LEVEL = "-O";
				VALIDATE_PRODUCT = YES;
			};
			name = Release;
		};
		D6C07DA8280FDF880033FBD0 /* Debug */ = {
			isa = XCBuildConfiguration;
			baseConfigurationReference = A17AEA8C4E33F6D48D1AD0E8 /* Pods-XYZRxExtension.debug.xcconfig */;
			buildSettings = {
				ASSETCATALOG_COMPILER_APPICON_NAME = AppIcon;
				ASSETCATALOG_COMPILER_GLOBAL_ACCENT_COLOR_NAME = AccentColor;
				CODE_SIGN_STYLE = Automatic;
				CURRENT_PROJECT_VERSION = 1;
				DEVELOPMENT_TEAM = 9GZYHL8TWB;
				GENERATE_INFOPLIST_FILE = YES;
				INFOPLIST_FILE = XYZRxExtension/Info.plist;
				INFOPLIST_KEY_UIApplicationSupportsIndirectInputEvents = YES;
				INFOPLIST_KEY_UILaunchStoryboardName = LaunchScreen;
				INFOPLIST_KEY_UIMainStoryboardFile = Main;
				INFOPLIST_KEY_UISupportedInterfaceOrientations_iPad = "UIInterfaceOrientationPortrait UIInterfaceOrientationPortraitUpsideDown UIInterfaceOrientationLandscapeLeft UIInterfaceOrientationLandscapeRight";
				INFOPLIST_KEY_UISupportedInterfaceOrientations_iPhone = "UIInterfaceOrientationPortrait UIInterfaceOrientationLandscapeLeft UIInterfaceOrientationLandscapeRight";
				LD_RUNPATH_SEARCH_PATHS = (
					"$(inherited)",
					"@executable_path/Frameworks",
				);
				MARKETING_VERSION = 1.0;
				PRODUCT_BUNDLE_IDENTIFIER = com.xyztech.XYZRxExtension;
				PRODUCT_NAME = "$(TARGET_NAME)";
				SWIFT_EMIT_LOC_STRINGS = YES;
				SWIFT_VERSION = 5.0;
				TARGETED_DEVICE_FAMILY = "1,2";
			};
			name = Debug;
		};
		D6C07DA9280FDF880033FBD0 /* Release */ = {
			isa = XCBuildConfiguration;
			baseConfigurationReference = C2F8CB78958E84D7D615CF1E /* Pods-XYZRxExtension.release.xcconfig */;
			buildSettings = {
				ASSETCATALOG_COMPILER_APPICON_NAME = AppIcon;
				ASSETCATALOG_COMPILER_GLOBAL_ACCENT_COLOR_NAME = AccentColor;
				CODE_SIGN_STYLE = Automatic;
				CURRENT_PROJECT_VERSION = 1;
				DEVELOPMENT_TEAM = 9GZYHL8TWB;
				GENERATE_INFOPLIST_FILE = YES;
				INFOPLIST_FILE = XYZRxExtension/Info.plist;
				INFOPLIST_KEY_UIApplicationSupportsIndirectInputEvents = YES;
				INFOPLIST_KEY_UILaunchStoryboardName = LaunchScreen;
				INFOPLIST_KEY_UIMainStoryboardFile = Main;
				INFOPLIST_KEY_UISupportedInterfaceOrientations_iPad = "UIInterfaceOrientationPortrait UIInterfaceOrientationPortraitUpsideDown UIInterfaceOrientationLandscapeLeft UIInterfaceOrientationLandscapeRight";
				INFOPLIST_KEY_UISupportedInterfaceOrientations_iPhone = "UIInterfaceOrientationPortrait UIInterfaceOrientationLandscapeLeft UIInterfaceOrientationLandscapeRight";
				LD_RUNPATH_SEARCH_PATHS = (
					"$(inherited)",
					"@executable_path/Frameworks",
				);
				MARKETING_VERSION = 1.0;
				PRODUCT_BUNDLE_IDENTIFIER = com.xyztech.XYZRxExtension;
				PRODUCT_NAME = "$(TARGET_NAME)";
				SWIFT_EMIT_LOC_STRINGS = YES;
				SWIFT_VERSION = 5.0;
				TARGETED_DEVICE_FAMILY = "1,2";
			};
			name = Release;
		};
/* End XCBuildConfiguration section */

/* Begin XCConfigurationList section */
		D6C07D8E280FDF860033FBD0 /* Build configuration list for PBXProject "XYZRxExtension" */ = {
			isa = XCConfigurationList;
			buildConfigurations = (
				D6C07DA5280FDF880033FBD0 /* Debug */,
				D6C07DA6280FDF880033FBD0 /* Release */,
			);
			defaultConfigurationIsVisible = 0;
			defaultConfigurationName = Release;
		};
		D6C07DA7280FDF880033FBD0 /* Build configuration list for PBXNativeTarget "XYZRxExtension" */ = {
			isa = XCConfigurationList;
			buildConfigurations = (
				D6C07DA8280FDF880033FBD0 /* Debug */,
				D6C07DA9280FDF880033FBD0 /* Release */,
			);
			defaultConfigurationIsVisible = 0;
			defaultConfigurationName = Release;
		};
/* End XCConfigurationList section */
	};
	rootObject = D6C07D8B280FDF860033FBD0 /* Project object */;
}
